// !$*UTF8*$!
{
	archiveVersion = 1;
	classes = {
	};
	objectVersion = 50;
	objects = {

/* Begin PBXBuildFile section */
		6166C735260F941600EF88DB /* AppDelegate.swift in Sources */ = {isa = PBXBuildFile; fileRef = 6166C734260F941600EF88DB /* AppDelegate.swift */; };
		6166C737260F941600EF88DB /* ContentView.swift in Sources */ = {isa = PBXBuildFile; fileRef = 6166C736260F941600EF88DB /* ContentView.swift */; };
		6166C739260F941900EF88DB /* Assets.xcassets in Resources */ = {isa = PBXBuildFile; fileRef = 6166C738260F941900EF88DB /* Assets.xcassets */; };
		6166C73C260F941900EF88DB /* Preview Assets.xcassets in Resources */ = {isa = PBXBuildFile; fileRef = 6166C73B260F941900EF88DB /* Preview Assets.xcassets */; };
		6166C73F260F941900EF88DB /* Main.storyboard in Resources */ = {isa = PBXBuildFile; fileRef = 6166C73D260F941900EF88DB /* Main.storyboard */; };
		6166C752260F960A00EF88DB /* ProjectDetail.swift in Sources */ = {isa = PBXBuildFile; fileRef = 6166C751260F960A00EF88DB /* ProjectDetail.swift */; };
		6166C755260F97B500EF88DB /* Utils.swift in Sources */ = {isa = PBXBuildFile; fileRef = 6166C754260F97B500EF88DB /* Utils.swift */; };
		6166C763260FC4E600EF88DB /* ProjectList.swift in Sources */ = {isa = PBXBuildFile; fileRef = 6166C75F260FC4E600EF88DB /* ProjectList.swift */; };
		6166C764260FC4E600EF88DB /* ProjectModel.swift in Sources */ = {isa = PBXBuildFile; fileRef = 6166C760260FC4E600EF88DB /* ProjectModel.swift */; };
		6166C765260FC4E600EF88DB /* DataModel.swift in Sources */ = {isa = PBXBuildFile; fileRef = 6166C761260FC4E600EF88DB /* DataModel.swift */; };
		6166C766260FC4E600EF88DB /* ProjectListRow.swift in Sources */ = {isa = PBXBuildFile; fileRef = 6166C762260FC4E600EF88DB /* ProjectListRow.swift */; };
		61FB01BA2614B38A00531E32 /* Module.swift in Sources */ = {isa = PBXBuildFile; fileRef = 61FB01B92614B38A00531E32 /* Module.swift */; };
/* End PBXBuildFile section */

/* Begin PBXFileReference section */
		6166C731260F941600EF88DB /* NeyoLab.ProjectCreator.app */ = {isa = PBXFileReference; explicitFileType = wrapper.application; includeInIndex = 0; path = NeyoLab.ProjectCreator.app; sourceTree = BUILT_PRODUCTS_DIR; };
		6166C734260F941600EF88DB /* AppDelegate.swift */ = {isa = PBXFileReference; lastKnownFileType = sourcecode.swift; path = AppDelegate.swift; sourceTree = "<group>"; };
		6166C736260F941600EF88DB /* ContentView.swift */ = {isa = PBXFileReference; lastKnownFileType = sourcecode.swift; path = ContentView.swift; sourceTree = "<group>"; };
		6166C738260F941900EF88DB /* Assets.xcassets */ = {isa = PBXFileReference; lastKnownFileType = folder.assetcatalog; path = Assets.xcassets; sourceTree = "<group>"; };
		6166C73B260F941900EF88DB /* Preview Assets.xcassets */ = {isa = PBXFileReference; lastKnownFileType = folder.assetcatalog; path = "Preview Assets.xcassets"; sourceTree = "<group>"; };
		6166C73E260F941900EF88DB /* Base */ = {isa = PBXFileReference; lastKnownFileType = file.storyboard; name = Base; path = Base.lproj/Main.storyboard; sourceTree = "<group>"; };
		6166C740260F941900EF88DB /* Info.plist */ = {isa = PBXFileReference; lastKnownFileType = text.plist.xml; path = Info.plist; sourceTree = "<group>"; };
		6166C741260F941900EF88DB /* NeyoLab_ProjectCreator.entitlements */ = {isa = PBXFileReference; explicitFileType = text.plist.entitlements; path = NeyoLab_ProjectCreator.entitlements; sourceTree = "<group>"; };
		6166C751260F960A00EF88DB /* ProjectDetail.swift */ = {isa = PBXFileReference; lastKnownFileType = sourcecode.swift; path = ProjectDetail.swift; sourceTree = "<group>"; };
		6166C754260F97B500EF88DB /* Utils.swift */ = {isa = PBXFileReference; lastKnownFileType = sourcecode.swift; path = Utils.swift; sourceTree = "<group>"; };
		6166C75F260FC4E600EF88DB /* ProjectList.swift */ = {isa = PBXFileReference; fileEncoding = 4; lastKnownFileType = sourcecode.swift; name = ProjectList.swift; path = NeyoLab.ProjectCreator/ProjectList.swift; sourceTree = SOURCE_ROOT; };
		6166C760260FC4E600EF88DB /* ProjectModel.swift */ = {isa = PBXFileReference; fileEncoding = 4; lastKnownFileType = sourcecode.swift; path = ProjectModel.swift; sourceTree = "<group>"; };
		6166C761260FC4E600EF88DB /* DataModel.swift */ = {isa = PBXFileReference; fileEncoding = 4; lastKnownFileType = sourcecode.swift; name = DataModel.swift; path = NeyoLab.ProjectCreator/DataModel.swift; sourceTree = SOURCE_ROOT; };
		6166C762260FC4E600EF88DB /* ProjectListRow.swift */ = {isa = PBXFileReference; fileEncoding = 4; lastKnownFileType = sourcecode.swift; name = ProjectListRow.swift; path = NeyoLab.ProjectCreator/ProjectListRow.swift; sourceTree = SOURCE_ROOT; };
		61FB01B92614B38A00531E32 /* Module.swift */ = {isa = PBXFileReference; lastKnownFileType = sourcecode.swift; path = Module.swift; sourceTree = "<group>"; };
/* End PBXFileReference section */

/* Begin PBXFrameworksBuildPhase section */
		6166C72E260F941600EF88DB /* Frameworks */ = {
			isa = PBXFrameworksBuildPhase;
			buildActionMask = 2147483647;
			files = (
			);
			runOnlyForDeploymentPostprocessing = 0;
		};
/* End PBXFrameworksBuildPhase section */

/* Begin PBXGroup section */
		6166C728260F941600EF88DB = {
			isa = PBXGroup;
			children = (
				6166C733260F941600EF88DB /* NeyoLab.ProjectCreator */,
				6166C732260F941600EF88DB /* Products */,
			);
			sourceTree = "<group>";
		};
		6166C732260F941600EF88DB /* Products */ = {
			isa = PBXGroup;
			children = (
				6166C731260F941600EF88DB /* NeyoLab.ProjectCreator.app */,
			);
			name = Products;
			sourceTree = "<group>";
		};
		6166C733260F941600EF88DB /* NeyoLab.ProjectCreator */ = {
			isa = PBXGroup;
			children = (
				6166C761260FC4E600EF88DB /* DataModel.swift */,
				6166C75F260FC4E600EF88DB /* ProjectList.swift */,
				6166C762260FC4E600EF88DB /* ProjectListRow.swift */,
				6166C760260FC4E600EF88DB /* ProjectModel.swift */,
				6166C734260F941600EF88DB /* AppDelegate.swift */,
				6166C736260F941600EF88DB /* ContentView.swift */,
				6166C738260F941900EF88DB /* Assets.xcassets */,
				6166C73D260F941900EF88DB /* Main.storyboard */,
				6166C740260F941900EF88DB /* Info.plist */,
				6166C741260F941900EF88DB /* NeyoLab_ProjectCreator.entitlements */,
				6166C73A260F941900EF88DB /* Preview Content */,
				6166C751260F960A00EF88DB /* ProjectDetail.swift */,
				6166C754260F97B500EF88DB /* Utils.swift */,
				61FB01B92614B38A00531E32 /* Module.swift */,
			);
			path = NeyoLab.ProjectCreator;
			sourceTree = "<group>";
		};
		6166C73A260F941900EF88DB /* Preview Content */ = {
			isa = PBXGroup;
			children = (
				6166C73B260F941900EF88DB /* Preview Assets.xcassets */,
			);
			path = "Preview Content";
			sourceTree = "<group>";
		};
/* End PBXGroup section */

/* Begin PBXNativeTarget section */
		6166C730260F941600EF88DB /* NeyoLab.ProjectCreator */ = {
			isa = PBXNativeTarget;
			buildConfigurationList = 6166C744260F941900EF88DB /* Build configuration list for PBXNativeTarget "NeyoLab.ProjectCreator" */;
			buildPhases = (
				6166C72D260F941600EF88DB /* Sources */,
				6166C72E260F941600EF88DB /* Frameworks */,
				6166C72F260F941600EF88DB /* Resources */,
			);
			buildRules = (
			);
			dependencies = (
			);
			name = NeyoLab.ProjectCreator;
			productName = NeyoLab.ProjectCreator;
			productReference = 6166C731260F941600EF88DB /* NeyoLab.ProjectCreator.app */;
			productType = "com.apple.product-type.application";
		};
/* End PBXNativeTarget section */

/* Begin PBXProject section */
		6166C729260F941600EF88DB /* Project object */ = {
			isa = PBXProject;
			attributes = {
				LastSwiftUpdateCheck = 1240;
				LastUpgradeCheck = 1240;
				TargetAttributes = {
					6166C730260F941600EF88DB = {
						CreatedOnToolsVersion = 12.4;
					};
				};
			};
			buildConfigurationList = 6166C72C260F941600EF88DB /* Build configuration list for PBXProject "NeyoLab.ProjectCreator" */;
			compatibilityVersion = "Xcode 9.3";
			developmentRegion = en;
			hasScannedForEncodings = 0;
			knownRegions = (
				en,
				Base,
			);
			mainGroup = 6166C728260F941600EF88DB;
			productRefGroup = 6166C732260F941600EF88DB /* Products */;
			projectDirPath = "";
			projectRoot = "";
			targets = (
				6166C730260F941600EF88DB /* NeyoLab.ProjectCreator */,
			);
		};
/* End PBXProject section */

/* Begin PBXResourcesBuildPhase section */
		6166C72F260F941600EF88DB /* Resources */ = {
			isa = PBXResourcesBuildPhase;
			buildActionMask = 2147483647;
			files = (
				6166C73F260F941900EF88DB /* Main.storyboard in Resources */,
				6166C73C260F941900EF88DB /* Preview Assets.xcassets in Resources */,
				6166C739260F941900EF88DB /* Assets.xcassets in Resources */,
			);
			runOnlyForDeploymentPostprocessing = 0;
		};
/* End PBXResourcesBuildPhase section */

/* Begin PBXSourcesBuildPhase section */
		6166C72D260F941600EF88DB /* Sources */ = {
			isa = PBXSourcesBuildPhase;
			buildActionMask = 2147483647;
			files = (
				6166C765260FC4E600EF88DB /* DataModel.swift in Sources */,
				6166C737260F941600EF88DB /* ContentView.swift in Sources */,
				61FB01BA2614B38A00531E32 /* Module.swift in Sources */,
				6166C766260FC4E600EF88DB /* ProjectListRow.swift in Sources */,
				6166C752260F960A00EF88DB /* ProjectDetail.swift in Sources */,
				6166C735260F941600EF88DB /* AppDelegate.swift in Sources */,
				6166C763260FC4E600EF88DB /* ProjectList.swift in Sources */,
				6166C755260F97B500EF88DB /* Utils.swift in Sources */,
				6166C764260FC4E600EF88DB /* ProjectModel.swift in Sources */,
			);
			runOnlyForDeploymentPostprocessing = 0;
		};
/* End PBXSourcesBuildPhase section */

/* Begin PBXVariantGroup section */
		6166C73D260F941900EF88DB /* Main.storyboard */ = {
			isa = PBXVariantGroup;
			children = (
				6166C73E260F941900EF88DB /* Base */,
			);
			name = Main.storyboard;
			sourceTree = "<group>";
		};
/* End PBXVariantGroup section */

/* Begin XCBuildConfiguration section */
		6166C742260F941900EF88DB /* Debug */ = {
			isa = XCBuildConfiguration;
			buildSettings = {
				ALWAYS_SEARCH_USER_PATHS = NO;
				CLANG_ANALYZER_NONNULL = YES;
				CLANG_ANALYZER_NUMBER_OBJECT_CONVERSION = YES_AGGRESSIVE;
				CLANG_CXX_LANGUAGE_STANDARD = "gnu++14";
				CLANG_CXX_LIBRARY = "libc++";
				CLANG_ENABLE_MODULES = YES;
				CLANG_ENABLE_OBJC_ARC = YES;
				CLANG_ENABLE_OBJC_WEAK = YES;
				CLANG_WARN_BLOCK_CAPTURE_AUTORELEASING = YES;
				CLANG_WARN_BOOL_CONVERSION = YES;
				CLANG_WARN_COMMA = YES;
				CLANG_WARN_CONSTANT_CONVERSION = YES;
				CLANG_WARN_DEPRECATED_OBJC_IMPLEMENTATIONS = YES;
				CLANG_WARN_DIRECT_OBJC_ISA_USAGE = YES_ERROR;
				CLANG_WARN_DOCUMENTATION_COMMENTS = YES;
				CLANG_WARN_EMPTY_BODY = YES;
				CLANG_WARN_ENUM_CONVERSION = YES;
				CLANG_WARN_INFINITE_RECURSION = YES;
				CLANG_WARN_INT_CONVERSION = YES;
				CLANG_WARN_NON_LITERAL_NULL_CONVERSION = YES;
				CLANG_WARN_OBJC_IMPLICIT_RETAIN_SELF = YES;
				CLANG_WARN_OBJC_LITERAL_CONVERSION = YES;
				CLANG_WARN_OBJC_ROOT_CLASS = YES_ERROR;
				CLANG_WARN_QUOTED_INCLUDE_IN_FRAMEWORK_HEADER = YES;
				CLANG_WARN_RANGE_LOOP_ANALYSIS = YES;
				CLANG_WARN_STRICT_PROTOTYPES = YES;
				CLANG_WARN_SUSPICIOUS_MOVE = YES;
				CLANG_WARN_UNGUARDED_AVAILABILITY = YES_AGGRESSIVE;
				CLANG_WARN_UNREACHABLE_CODE = YES;
				CLANG_WARN__DUPLICATE_METHOD_MATCH = YES;
				COPY_PHASE_STRIP = NO;
				DEBUG_INFORMATION_FORMAT = dwarf;
				ENABLE_STRICT_OBJC_MSGSEND = YES;
				ENABLE_TESTABILITY = YES;
				GCC_C_LANGUAGE_STANDARD = gnu11;
				GCC_DYNAMIC_NO_PIC = NO;
				GCC_NO_COMMON_BLOCKS = YES;
				GCC_OPTIMIZATION_LEVEL = 0;
				GCC_PREPROCESSOR_DEFINITIONS = (
					"DEBUG=1",
					"$(inherited)",
				);
				GCC_WARN_64_TO_32_BIT_CONVERSION = YES;
				GCC_WARN_ABOUT_RETURN_TYPE = YES_ERROR;
				GCC_WARN_UNDECLARED_SELECTOR = YES;
				GCC_WARN_UNINITIALIZED_AUTOS = YES_AGGRESSIVE;
				GCC_WARN_UNUSED_FUNCTION = YES;
				GCC_WARN_UNUSED_VARIABLE = YES;
				MACOSX_DEPLOYMENT_TARGET = 11.1;
				MTL_ENABLE_DEBUG_INFO = INCLUDE_SOURCE;
				MTL_FAST_MATH = YES;
				ONLY_ACTIVE_ARCH = YES;
				SDKROOT = macosx;
				SWIFT_ACTIVE_COMPILATION_CONDITIONS = DEBUG;
				SWIFT_OPTIMIZATION_LEVEL = "-Onone";
			};
			name = Debug;
		};
		6166C743260F941900EF88DB /* Release */ = {
			isa = XCBuildConfiguration;
			buildSettings = {
				ALWAYS_SEARCH_USER_PATHS = NO;
				CLANG_ANALYZER_NONNULL = YES;
				CLANG_ANALYZER_NUMBER_OBJECT_CONVERSION = YES_AGGRESSIVE;
				CLANG_CXX_LANGUAGE_STANDARD = "gnu++14";
				CLANG_CXX_LIBRARY = "libc++";
				CLANG_ENABLE_MODULES = YES;
				CLANG_ENABLE_OBJC_ARC = YES;
				CLANG_ENABLE_OBJC_WEAK = YES;
				CLANG_WARN_BLOCK_CAPTURE_AUTORELEASING = YES;
				CLANG_WARN_BOOL_CONVERSION = YES;
				CLANG_WARN_COMMA = YES;
				CLANG_WARN_CONSTANT_CONVERSION = YES;
				CLANG_WARN_DEPRECATED_OBJC_IMPLEMENTATIONS = YES;
				CLANG_WARN_DIRECT_OBJC_ISA_USAGE = YES_ERROR;
				CLANG_WARN_DOCUMENTATION_COMMENTS = YES;
				CLANG_WARN_EMPTY_BODY = YES;
				CLANG_WARN_ENUM_CONVERSION = YES;
				CLANG_WARN_INFINITE_RECURSION = YES;
				CLANG_WARN_INT_CONVERSION = YES;
				CLANG_WARN_NON_LITERAL_NULL_CONVERSION = YES;
				CLANG_WARN_OBJC_IMPLICIT_RETAIN_SELF = YES;
				CLANG_WARN_OBJC_LITERAL_CONVERSION = YES;
				CLANG_WARN_OBJC_ROOT_CLASS = YES_ERROR;
				CLANG_WARN_QUOTED_INCLUDE_IN_FRAMEWORK_HEADER = YES;
				CLANG_WARN_RANGE_LOOP_ANALYSIS = YES;
				CLANG_WARN_STRICT_PROTOTYPES = YES;
				CLANG_WARN_SUSPICIOUS_MOVE = YES;
				CLANG_WARN_UNGUARDED_AVAILABILITY = YES_AGGRESSIVE;
				CLANG_WARN_UNREACHABLE_CODE = YES;
				CLANG_WARN__DUPLICATE_METHOD_MATCH = YES;
				COPY_PHASE_STRIP = NO;
				DEBUG_INFORMATION_FORMAT = "dwarf-with-dsym";
				ENABLE_NS_ASSERTIONS = NO;
				ENABLE_STRICT_OBJC_MSGSEND = YES;
				GCC_C_LANGUAGE_STANDARD = gnu11;
				GCC_NO_COMMON_BLOCKS = YES;
				GCC_WARN_64_TO_32_BIT_CONVERSION = YES;
				GCC_WARN_ABOUT_RETURN_TYPE = YES_ERROR;
				GCC_WARN_UNDECLARED_SELECTOR = YES;
				GCC_WARN_UNINITIALIZED_AUTOS = YES_AGGRESSIVE;
				GCC_WARN_UNUSED_FUNCTION = YES;
				GCC_WARN_UNUSED_VARIABLE = YES;
				MACOSX_DEPLOYMENT_TARGET = 11.1;
				MTL_ENABLE_DEBUG_INFO = NO;
				MTL_FAST_MATH = YES;
				SDKROOT = macosx;
				SWIFT_COMPILATION_MODE = wholemodule;
				SWIFT_OPTIMIZATION_LEVEL = "-O";
			};
			name = Release;
		};
		6166C745260F941900EF88DB /* Debug */ = {
			isa = XCBuildConfiguration;
			buildSettings = {
				ASSETCATALOG_COMPILER_APPICON_NAME = AppIcon;
				ASSETCATALOG_COMPILER_GLOBAL_ACCENT_COLOR_NAME = AccentColor;
				CODE_SIGN_ENTITLEMENTS = NeyoLab.ProjectCreator/NeyoLab_ProjectCreator.entitlements;
				CODE_SIGN_STYLE = Automatic;
				COMBINE_HIDPI_IMAGES = YES;
				DEVELOPMENT_ASSET_PATHS = "\"NeyoLab.ProjectCreator/Preview Content\"";
				ENABLE_PREVIEWS = YES;
				INFOPLIST_FILE = NeyoLab.ProjectCreator/Info.plist;
				LD_RUNPATH_SEARCH_PATHS = (
					"$(inherited)",
					"@executable_path/../Frameworks",
				);
				MACOSX_DEPLOYMENT_TARGET = 11.1;
				PRODUCT_BUNDLE_IDENTIFIER = "com.mateusz.nejman.neyolab.NeyoLab-ProjectCreator";
				PRODUCT_NAME = "$(TARGET_NAME)";
				SWIFT_VERSION = 5.0;
			};
			name = Debug;
		};
		6166C746260F941900EF88DB /* Release */ = {
			isa = XCBuildConfiguration;
			buildSettings = {
				ASSETCATALOG_COMPILER_APPICON_NAME = AppIcon;
				ASSETCATALOG_COMPILER_GLOBAL_ACCENT_COLOR_NAME = AccentColor;
				CODE_SIGN_ENTITLEMENTS = NeyoLab.ProjectCreator/NeyoLab_ProjectCreator.entitlements;
				CODE_SIGN_STYLE = Automatic;
				COMBINE_HIDPI_IMAGES = YES;
				DEVELOPMENT_ASSET_PATHS = "\"NeyoLab.ProjectCreator/Preview Content\"";
				ENABLE_PREVIEWS = YES;
				INFOPLIST_FILE = NeyoLab.ProjectCreator/Info.plist;
				LD_RUNPATH_SEARCH_PATHS = (
					"$(inherited)",
					"@executable_path/../Frameworks",
				);
				MACOSX_DEPLOYMENT_TARGET = 11.1;
				PRODUCT_BUNDLE_IDENTIFIER = "com.mateusz.nejman.neyolab.NeyoLab-ProjectCreator";
				PRODUCT_NAME = "$(TARGET_NAME)";
				SWIFT_VERSION = 5.0;
			};
			name = Release;
		};
/* End XCBuildConfiguration section */

/* Begin XCConfigurationList section */
		6166C72C260F941600EF88DB /* Build configuration list for PBXProject "NeyoLab.ProjectCreator" */ = {
			isa = XCConfigurationList;
			buildConfigurations = (
				6166C742260F941900EF88DB /* Debug */,
				6166C743260F941900EF88DB /* Release */,
			);
			defaultConfigurationIsVisible = 0;
			defaultConfigurationName = Debug;
		};
		6166C744260F941900EF88DB /* Build configuration list for PBXNativeTarget "NeyoLab.ProjectCreator" */ = {
			isa = XCConfigurationList;
			buildConfigurations = (
				6166C745260F941900EF88DB /* Debug */,
				6166C746260F941900EF88DB /* Release */,
			);
			defaultConfigurationIsVisible = 0;
			defaultConfigurationName = Debug;
		};
/* End XCConfigurationList section */
	};
	rootObject = 6166C729260F941600EF88DB /* Project object */;
}
